
Microsoft Visual Studio Solution File, Format Version 12.00
# Visual Studio Version 17
VisualStudioVersion = 17.12.35527.113
MinimumVisualStudioVersion = 10.0.40219.1
Project("{2150E333-8FDC-42A3-9474-1A3956D46DE8}") = "FrontEnd", "FrontEnd", "{0D05FDEE-46A7-4C3B-9CB1-9A84624DA9AB}"
EndProject
Project("{2150E333-8FDC-42A3-9474-1A3956D46DE8}") = "Gateway", "Gateway", "{328711F4-6F47-4656-96F5-F29B6C210420}"
EndProject
Project("{2150E333-8FDC-42A3-9474-1A3956D46DE8}") = "Integration", "Integration", "{3D688CD5-8F24-4185-A11F-E62A88AD7DBD}"
EndProject
Project("{2150E333-8FDC-42A3-9474-1A3956D46DE8}") = "Services", "Services", "{216C6403-EB82-481A-9FF7-E21E3875B1DF}"
EndProject
Project("{FAE04EC0-301F-11D3-BF4B-00C04F79EFBC}") = "Mango.Services.CouponAPI", "Mango.Services.CouponAPI\Mango.Services.CouponAPI.csproj", "{30C5FE2F-26C3-491C-B375-4452B67993DE}"
EndProject
Project("{FAE04EC0-301F-11D3-BF4B-00C04F79EFBC}") = "Mango.Web", "Mango.Web\Mango.Web.csproj", "{54902EEC-1BC8-4A74-9082-653E1152C9B5}"
EndProject
Project("{FAE04EC0-301F-11D3-BF4B-00C04F79EFBC}") = "Mango.Services.AuthAPI", "Mango.Services.AuthAPI\Mango.Services.AuthAPI.csproj", "{C0A6FF19-CE50-4DF3-990C-98D15921F3F6}"
EndProject
Project("{FAE04EC0-301F-11D3-BF4B-00C04F79EFBC}") = "Mango.Services.ProductAPI", "Mango.Services.ProductAPI\Mango.Services.ProductAPI.csproj", "{48ABE382-275B-43F5-BC6F-89F19636B022}"
EndProject
Project("{FAE04EC0-301F-11D3-BF4B-00C04F79EFBC}") = "Mango.Services.ShoppingCartAPI", "Mango.Services.ShoppingCartAPI\Mango.Services.ShoppingCartAPI.csproj", "{2E12ED49-B259-474B-AF7E-F0B88C1325FA}"
EndProject
Project("{FAE04EC0-301F-11D3-BF4B-00C04F79EFBC}") = "Mango.MessageBus", "Mango.MessageBus\Mango.MessageBus.csproj", "{A22D97CD-7F2D-4E7B-90B5-28BBA77027B8}"
EndProject
Project("{FAE04EC0-301F-11D3-BF4B-00C04F79EFBC}") = "Mango.Services.EmailAPI", "Mango.Services.EmailAPI\Mango.Services.EmailAPI.csproj", "{D3140B16-FF23-4B8A-A235-0F073D512178}"
EndProject
Project("{FAE04EC0-301F-11D3-BF4B-00C04F79EFBC}") = "Mango.Services.OrderAPI", "Mango.Services.OrderAPI\Mango.Services.OrderAPI.csproj", "{7DC1EBBD-368A-4904-A420-72656D730C7E}"
EndProject
Project("{FAE04EC0-301F-11D3-BF4B-00C04F79EFBC}") = "Mango.Services.RewardAPI", "Mango.Services.RewardAPI\Mango.Services.RewardAPI.csproj", "{C5A7C83D-5C3D-4211-9A41-C3E74F1EE649}"
EndProject
Project("{FAE04EC0-301F-11D3-BF4B-00C04F79EFBC}") = "Mango.GatewaySolution", "Mango.GatewaySolution\Mango.GatewaySolution.csproj", "{AA4172FB-787F-4BAE-B84B-F164433DB48E}"
EndProject
Global
	GlobalSection(SolutionConfigurationPlatforms) = preSolution
		Debug|Any CPU = Debug|Any CPU
		Release|Any CPU = Release|Any CPU
	EndGlobalSection
	GlobalSection(ProjectConfigurationPlatforms) = postSolution
		{30C5FE2F-26C3-491C-B375-4452B67993DE}.Debug|Any CPU.ActiveCfg = Debug|Any CPU
		{30C5FE2F-26C3-491C-B375-4452B67993DE}.Debug|Any CPU.Build.0 = Debug|Any CPU
		{30C5FE2F-26C3-491C-B375-4452B67993DE}.Release|Any CPU.ActiveCfg = Release|Any CPU
		{30C5FE2F-26C3-491C-B375-4452B67993DE}.Release|Any CPU.Build.0 = Release|Any CPU
		{54902EEC-1BC8-4A74-9082-653E1152C9B5}.Debug|Any CPU.ActiveCfg = Debug|Any CPU
		{54902EEC-1BC8-4A74-9082-653E1152C9B5}.Debug|Any CPU.Build.0 = Debug|Any CPU
		{54902EEC-1BC8-4A74-9082-653E1152C9B5}.Release|Any CPU.ActiveCfg = Release|Any CPU
		{54902EEC-1BC8-4A74-9082-653E1152C9B5}.Release|Any CPU.Build.0 = Release|Any CPU
		{C0A6FF19-CE50-4DF3-990C-98D15921F3F6}.Debug|Any CPU.ActiveCfg = Debug|Any CPU
		{C0A6FF19-CE50-4DF3-990C-98D15921F3F6}.Debug|Any CPU.Build.0 = Debug|Any CPU
		{C0A6FF19-CE50-4DF3-990C-98D15921F3F6}.Release|Any CPU.ActiveCfg = Release|Any CPU
		{C0A6FF19-CE50-4DF3-990C-98D15921F3F6}.Release|Any CPU.Build.0 = Release|Any CPU
		{48ABE382-275B-43F5-BC6F-89F19636B022}.Debug|Any CPU.ActiveCfg = Debug|Any CPU
		{48ABE382-275B-43F5-BC6F-89F19636B022}.Debug|Any CPU.Build.0 = Debug|Any CPU
		{48ABE382-275B-43F5-BC6F-89F19636B022}.Release|Any CPU.ActiveCfg = Release|Any CPU
		{48ABE382-275B-43F5-BC6F-89F19636B022}.Release|Any CPU.Build.0 = Release|Any CPU
		{2E12ED49-B259-474B-AF7E-F0B88C1325FA}.Debug|Any CPU.ActiveCfg = Debug|Any CPU
		{2E12ED49-B259-474B-AF7E-F0B88C1325FA}.Debug|Any CPU.Build.0 = Debug|Any CPU
		{2E12ED49-B259-474B-AF7E-F0B88C1325FA}.Release|Any CPU.ActiveCfg = Release|Any CPU
		{2E12ED49-B259-474B-AF7E-F0B88C1325FA}.Release|Any CPU.Build.0 = Release|Any CPU
		{A22D97CD-7F2D-4E7B-90B5-28BBA77027B8}.Debug|Any CPU.ActiveCfg = Debug|Any CPU
		{A22D97CD-7F2D-4E7B-90B5-28BBA77027B8}.Debug|Any CPU.Build.0 = Debug|Any CPU
		{A22D97CD-7F2D-4E7B-90B5-28BBA77027B8}.Release|Any CPU.ActiveCfg = Release|Any CPU
		{A22D97CD-7F2D-4E7B-90B5-28BBA77027B8}.Release|Any CPU.Build.0 = Release|Any CPU
		{D3140B16-FF23-4B8A-A235-0F073D512178}.Debug|Any CPU.ActiveCfg = Debug|Any CPU
		{D3140B16-FF23-4B8A-A235-0F073D512178}.Debug|Any CPU.Build.0 = Debug|Any CPU
		{D3140B16-FF23-4B8A-A235-0F073D512178}.Release|Any CPU.ActiveCfg = Release|Any CPU
		{D3140B16-FF23-4B8A-A235-0F073D512178}.Release|Any CPU.Build.0 = Release|Any CPU
		{7DC1EBBD-368A-4904-A420-72656D730C7E}.Debug|Any CPU.ActiveCfg = Debug|Any CPU
		{7DC1EBBD-368A-4904-A420-72656D730C7E}.Debug|Any CPU.Build.0 = Debug|Any CPU
		{7DC1EBBD-368A-4904-A420-72656D730C7E}.Release|Any CPU.ActiveCfg = Release|Any CPU
		{7DC1EBBD-368A-4904-A420-72656D730C7E}.Release|Any CPU.Build.0 = Release|Any CPU
		{C5A7C83D-5C3D-4211-9A41-C3E74F1EE649}.Debug|Any CPU.ActiveCfg = Debug|Any CPU
		{C5A7C83D-5C3D-4211-9A41-C3E74F1EE649}.Debug|Any CPU.Build.0 = Debug|Any CPU
		{C5A7C83D-5C3D-4211-9A41-C3E74F1EE649}.Release|Any CPU.ActiveCfg = Release|Any CPU
		{C5A7C83D-5C3D-4211-9A41-C3E74F1EE649}.Release|Any CPU.Build.0 = Release|Any CPU
		{AA4172FB-787F-4BAE-B84B-F164433DB48E}.Debug|Any CPU.ActiveCfg = Debug|Any CPU
		{AA4172FB-787F-4BAE-B84B-F164433DB48E}.Debug|Any CPU.Build.0 = Debug|Any CPU
		{AA4172FB-787F-4BAE-B84B-F164433DB48E}.Release|Any CPU.ActiveCfg = Release|Any CPU
		{AA4172FB-787F-4BAE-B84B-F164433DB48E}.Release|Any CPU.Build.0 = Release|Any CPU
	EndGlobalSection
	GlobalSection(SolutionProperties) = preSolution
		HideSolutionNode = FALSE
	EndGlobalSection
	GlobalSection(NestedProjects) = preSolution
		{30C5FE2F-26C3-491C-B375-4452B67993DE} = {216C6403-EB82-481A-9FF7-E21E3875B1DF}
		{54902EEC-1BC8-4A74-9082-653E1152C9B5} = {0D05FDEE-46A7-4C3B-9CB1-9A84624DA9AB}
		{C0A6FF19-CE50-4DF3-990C-98D15921F3F6} = {216C6403-EB82-481A-9FF7-E21E3875B1DF}
		{48ABE382-275B-43F5-BC6F-89F19636B022} = {216C6403-EB82-481A-9FF7-E21E3875B1DF}
		{2E12ED49-B259-474B-AF7E-F0B88C1325FA} = {216C6403-EB82-481A-9FF7-E21E3875B1DF}
		{A22D97CD-7F2D-4E7B-90B5-28BBA77027B8} = {3D688CD5-8F24-4185-A11F-E62A88AD7DBD}
		{D3140B16-FF23-4B8A-A235-0F073D512178} = {216C6403-EB82-481A-9FF7-E21E3875B1DF}
		{7DC1EBBD-368A-4904-A420-72656D730C7E} = {216C6403-EB82-481A-9FF7-E21E3875B1DF}
		{C5A7C83D-5C3D-4211-9A41-C3E74F1EE649} = {216C6403-EB82-481A-9FF7-E21E3875B1DF}
		{AA4172FB-787F-4BAE-B84B-F164433DB48E} = {328711F4-6F47-4656-96F5-F29B6C210420}
	EndGlobalSection
EndGlobal
